
Microsoft Visual Studio Solution File, Format Version 12.00
# Visual Studio 15
VisualStudioVersion = 15.0.25807.0
MinimumVisualStudioVersion = 10.0.40219.1
Project("{2150E333-8FDC-42A3-9474-1A3956D46DE8}") = "Engine", "Engine", "{21B5036D-5883-44C6-A4E5-F9D2C5D9BA93}"
EndProject
Project("{2150E333-8FDC-42A3-9474-1A3956D46DE8}") = "Games", "Games", "{0BA398E0-A2FB-49A8-9FEA-236F0AC0E0FA}"
EndProject
Project("{8BC9CEB8-8B4A-11D0-8D11-00A0C91BC942}") = "UE4", "Intermediate\ProjectFiles\UE4.vcxproj", "{D1FA35F0-84DE-4386-BDBC-AD053B32CA7B}"
EndProject
Project("{8BC9CEB8-8B4A-11D0-8D11-00A0C91BC942}") = "BuildingEscape", "Intermediate\ProjectFiles\BuildingEscape.vcxproj", "{2B09DD7A-76ED-4A2D-8A85-8AE4A75BBE23}"
EndProject
Global
	GlobalSection(SolutionConfigurationPlatforms) = preSolution
		DebugGame Editor|HTML5 = DebugGame Editor|HTML5
		DebugGame Editor|Win32 = DebugGame Editor|Win32
		DebugGame Editor|Win64 = DebugGame Editor|Win64
		DebugGame|HTML5 = DebugGame|HTML5
		DebugGame|Win32 = DebugGame|Win32
		DebugGame|Win64 = DebugGame|Win64
		Development Editor|HTML5 = Development Editor|HTML5
		Development Editor|Win32 = Development Editor|Win32
		Development Editor|Win64 = Development Editor|Win64
		Development|HTML5 = Development|HTML5
		Development|Win32 = Development|Win32
		Development|Win64 = Development|Win64
		Shipping|HTML5 = Shipping|HTML5
		Shipping|Win32 = Shipping|Win32
		Shipping|Win64 = Shipping|Win64
	EndGlobalSection
	GlobalSection(ProjectConfigurationPlatforms) = postSolution
		{D1FA35F0-84DE-4386-BDBC-AD053B32CA7B}.DebugGame Editor|HTML5.ActiveCfg = BuiltWithUnrealBuildTool|Win32
		{D1FA35F0-84DE-4386-BDBC-AD053B32CA7B}.DebugGame Editor|HTML5.Build.0 = BuiltWithUnrealBuildTool|Win32
		{D1FA35F0-84DE-4386-BDBC-AD053B32CA7B}.DebugGame Editor|Win32.ActiveCfg = BuiltWithUnrealBuildTool|Win32
		{D1FA35F0-84DE-4386-BDBC-AD053B32CA7B}.DebugGame Editor|Win32.Build.0 = BuiltWithUnrealBuildTool|Win32
		{D1FA35F0-84DE-4386-BDBC-AD053B32CA7B}.DebugGame Editor|Win64.ActiveCfg = BuiltWithUnrealBuildTool|Win32
		{D1FA35F0-84DE-4386-BDBC-AD053B32CA7B}.DebugGame Editor|Win64.Build.0 = BuiltWithUnrealBuildTool|Win32
		{D1FA35F0-84DE-4386-BDBC-AD053B32CA7B}.DebugGame|HTML5.ActiveCfg = BuiltWithUnrealBuildTool|Win32
		{D1FA35F0-84DE-4386-BDBC-AD053B32CA7B}.DebugGame|HTML5.Build.0 = BuiltWithUnrealBuildTool|Win32
		{D1FA35F0-84DE-4386-BDBC-AD053B32CA7B}.DebugGame|Win32.ActiveCfg = BuiltWithUnrealBuildTool|Win32
		{D1FA35F0-84DE-4386-BDBC-AD053B32CA7B}.DebugGame|Win32.Build.0 = BuiltWithUnrealBuildTool|Win32
		{D1FA35F0-84DE-4386-BDBC-AD053B32CA7B}.DebugGame|Win64.ActiveCfg = BuiltWithUnrealBuildTool|Win32
		{D1FA35F0-84DE-4386-BDBC-AD053B32CA7B}.DebugGame|Win64.Build.0 = BuiltWithUnrealBuildTool|Win32
		{D1FA35F0-84DE-4386-BDBC-AD053B32CA7B}.Development Editor|HTML5.ActiveCfg = BuiltWithUnrealBuildTool|Win32
		{D1FA35F0-84DE-4386-BDBC-AD053B32CA7B}.Development Editor|HTML5.Build.0 = BuiltWithUnrealBuildTool|Win32
		{D1FA35F0-84DE-4386-BDBC-AD053B32CA7B}.Development Editor|Win32.ActiveCfg = BuiltWithUnrealBuildTool|Win32
		{D1FA35F0-84DE-4386-BDBC-AD053B32CA7B}.Development Editor|Win32.Build.0 = BuiltWithUnrealBuildTool|Win32
		{D1FA35F0-84DE-4386-BDBC-AD053B32CA7B}.Development Editor|Win64.ActiveCfg = BuiltWithUnrealBuildTool|Win32
		{D1FA35F0-84DE-4386-BDBC-AD053B32CA7B}.Development Editor|Win64.Build.0 = BuiltWithUnrealBuildTool|Win32
		{D1FA35F0-84DE-4386-BDBC-AD053B32CA7B}.Development|HTML5.ActiveCfg = BuiltWithUnrealBuildTool|Win32
		{D1FA35F0-84DE-4386-BDBC-AD053B32CA7B}.Development|HTML5.Build.0 = BuiltWithUnrealBuildTool|Win32
		{D1FA35F0-84DE-4386-BDBC-AD053B32CA7B}.Development|Win32.ActiveCfg = BuiltWithUnrealBuildTool|Win32
		{D1FA35F0-84DE-4386-BDBC-AD053B32CA7B}.Development|Win32.Build.0 = BuiltWithUnrealBuildTool|Win32
		{D1FA35F0-84DE-4386-BDBC-AD053B32CA7B}.Development|Win64.ActiveCfg = BuiltWithUnrealBuildTool|Win32
		{D1FA35F0-84DE-4386-BDBC-AD053B32CA7B}.Development|Win64.Build.0 = BuiltWithUnrealBuildTool|Win32
		{D1FA35F0-84DE-4386-BDBC-AD053B32CA7B}.Shipping|HTML5.ActiveCfg = BuiltWithUnrealBuildTool|Win32
		{D1FA35F0-84DE-4386-BDBC-AD053B32CA7B}.Shipping|HTML5.Build.0 = BuiltWithUnrealBuildTool|Win32
		{D1FA35F0-84DE-4386-BDBC-AD053B32CA7B}.Shipping|Win32.ActiveCfg = BuiltWithUnrealBuildTool|Win32
		{D1FA35F0-84DE-4386-BDBC-AD053B32CA7B}.Shipping|Win32.Build.0 = BuiltWithUnrealBuildTool|Win32
		{D1FA35F0-84DE-4386-BDBC-AD053B32CA7B}.Shipping|Win64.ActiveCfg = BuiltWithUnrealBuildTool|Win32
		{D1FA35F0-84DE-4386-BDBC-AD053B32CA7B}.Shipping|Win64.Build.0 = BuiltWithUnrealBuildTool|Win32
		{2B09DD7A-76ED-4A2D-8A85-8AE4A75BBE23}.DebugGame Editor|HTML5.ActiveCfg = HTML5_DebugGame_Editor|Win32
		{2B09DD7A-76ED-4A2D-8A85-8AE4A75BBE23}.DebugGame Editor|Win32.ActiveCfg = DebugGame_Editor|Win32
		{2B09DD7A-76ED-4A2D-8A85-8AE4A75BBE23}.DebugGame Editor|Win64.ActiveCfg = DebugGame_Editor|x64
		{2B09DD7A-76ED-4A2D-8A85-8AE4A75BBE23}.DebugGame Editor|Win64.Build.0 = DebugGame_Editor|x64
		{2B09DD7A-76ED-4A2D-8A85-8AE4A75BBE23}.DebugGame|HTML5.ActiveCfg = HTML5_DebugGame_Game|Win32
		{2B09DD7A-76ED-4A2D-8A85-8AE4A75BBE23}.DebugGame|HTML5.Build.0 = HTML5_DebugGame_Game|Win32
		{2B09DD7A-76ED-4A2D-8A85-8AE4A75BBE23}.DebugGame|Win32.ActiveCfg = DebugGame_Game|Win32
		{2B09DD7A-76ED-4A2D-8A85-8AE4A75BBE23}.DebugGame|Win32.Build.0 = DebugGame_Game|Win32
		{2B09DD7A-76ED-4A2D-8A85-8AE4A75BBE23}.DebugGame|Win64.ActiveCfg = DebugGame_Game|x64
		{2B09DD7A-76ED-4A2D-8A85-8AE4A75BBE23}.DebugGame|Win64.Build.0 = DebugGame_Game|x64
		{2B09DD7A-76ED-4A2D-8A85-8AE4A75BBE23}.Development Editor|HTML5.ActiveCfg = HTML5_Development_Editor|Win32
		{2B09DD7A-76ED-4A2D-8A85-8AE4A75BBE23}.Development Editor|Win32.ActiveCfg = Development_Editor|Win32
		{2B09DD7A-76ED-4A2D-8A85-8AE4A75BBE23}.Development Editor|Win64.ActiveCfg = Development_Editor|x64
		{2B09DD7A-76ED-4A2D-8A85-8AE4A75BBE23}.Development Editor|Win64.Build.0 = Development_Editor|x64
		{2B09DD7A-76ED-4A2D-8A85-8AE4A75BBE23}.Development|HTML5.ActiveCfg = HTML5_Development_Game|Win32
		{2B09DD7A-76ED-4A2D-8A85-8AE4A75BBE23}.Development|HTML5.Build.0 = HTML5_Development_Game|Win32
		{2B09DD7A-76ED-4A2D-8A85-8AE4A75BBE23}.Development|Win32.ActiveCfg = Development_Game|Win32
		{2B09DD7A-76ED-4A2D-8A85-8AE4A75BBE23}.Development|Win32.Build.0 = Development_Game|Win32
		{2B09DD7A-76ED-4A2D-8A85-8AE4A75BBE23}.Development|Win64.ActiveCfg = Development_Game|x64
		{2B09DD7A-76ED-4A2D-8A85-8AE4A75BBE23}.Development|Win64.Build.0 = Development_Game|x64
		{2B09DD7A-76ED-4A2D-8A85-8AE4A75BBE23}.Shipping|HTML5.ActiveCfg = HTML5_Shipping_Game|Win32
		{2B09DD7A-76ED-4A2D-8A85-8AE4A75BBE23}.Shipping|HTML5.Build.0 = HTML5_Shipping_Game|Win32
		{2B09DD7A-76ED-4A2D-8A85-8AE4A75BBE23}.Shipping|Win32.ActiveCfg = Shipping_Game|Win32
		{2B09DD7A-76ED-4A2D-8A85-8AE4A75BBE23}.Shipping|Win32.Build.0 = Shipping_Game|Win32
		{2B09DD7A-76ED-4A2D-8A85-8AE4A75BBE23}.Shipping|Win64.ActiveCfg = Shipping_Game|x64
		{2B09DD7A-76ED-4A2D-8A85-8AE4A75BBE23}.Shipping|Win64.Build.0 = Shipping_Game|x64
	EndGlobalSection
	GlobalSection(SolutionProperties) = preSolution
		HideSolutionNode = FALSE
	EndGlobalSection
	GlobalSection(NestedProjects) = preSolution
		{D1FA35F0-84DE-4386-BDBC-AD053B32CA7B} = {21B5036D-5883-44C6-A4E5-F9D2C5D9BA93}
		{2B09DD7A-76ED-4A2D-8A85-8AE4A75BBE23} = {0BA398E0-A2FB-49A8-9FEA-236F0AC0E0FA}
	EndGlobalSection
	GlobalSection(ExtensibilityGlobals) = postSolution
		SolutionGuid = {778F9F96-4D62-48E4-8B30-8A3C70C595F6}
	EndGlobalSection
EndGlobal
