
Microsoft Visual Studio Solution File, Format Version 12.00
# Visual Studio 15
VisualStudioVersion = 15.0.25807.0
MinimumVisualStudioVersion = 10.0.40219.1
Project("{2150E333-8FDC-42A3-9474-1A3956D46DE8}") = "Engine", "Engine", "{C1A5E861-CF42-433B-929E-24C1BA9BE39D}"
EndProject
Project("{2150E333-8FDC-42A3-9474-1A3956D46DE8}") = "Games", "Games", "{30715157-8522-4729-BE6E-70E93C850221}"
EndProject
Project("{8BC9CEB8-8B4A-11D0-8D11-00A0C91BC942}") = "UE4", "Intermediate\ProjectFiles\UE4.vcxproj", "{FAAC9852-1E26-4A30-A1FB-049228A645BE}"
EndProject
Project("{8BC9CEB8-8B4A-11D0-8D11-00A0C91BC942}") = "BuildingEscape", "Intermediate\ProjectFiles\BuildingEscape.vcxproj", "{DDBEE74B-52B4-43F6-93B8-5EFA3D2BBD7A}"
EndProject
Global
	GlobalSection(SolutionConfigurationPlatforms) = preSolution
		DebugGame Editor|HTML5 = DebugGame Editor|HTML5
		DebugGame Editor|Win32 = DebugGame Editor|Win32
		DebugGame Editor|Win64 = DebugGame Editor|Win64
		DebugGame|HTML5 = DebugGame|HTML5
		DebugGame|Win32 = DebugGame|Win32
		DebugGame|Win64 = DebugGame|Win64
		Development Editor|HTML5 = Development Editor|HTML5
		Development Editor|Win32 = Development Editor|Win32
		Development Editor|Win64 = Development Editor|Win64
		Development|HTML5 = Development|HTML5
		Development|Win32 = Development|Win32
		Development|Win64 = Development|Win64
		Shipping|HTML5 = Shipping|HTML5
		Shipping|Win32 = Shipping|Win32
		Shipping|Win64 = Shipping|Win64
	EndGlobalSection
	GlobalSection(ProjectConfigurationPlatforms) = postSolution
		{FAAC9852-1E26-4A30-A1FB-049228A645BE}.DebugGame Editor|HTML5.ActiveCfg = BuiltWithUnrealBuildTool|Win32
		{FAAC9852-1E26-4A30-A1FB-049228A645BE}.DebugGame Editor|HTML5.Build.0 = BuiltWithUnrealBuildTool|Win32
		{FAAC9852-1E26-4A30-A1FB-049228A645BE}.DebugGame Editor|Win32.ActiveCfg = BuiltWithUnrealBuildTool|Win32
		{FAAC9852-1E26-4A30-A1FB-049228A645BE}.DebugGame Editor|Win32.Build.0 = BuiltWithUnrealBuildTool|Win32
		{FAAC9852-1E26-4A30-A1FB-049228A645BE}.DebugGame Editor|Win64.ActiveCfg = BuiltWithUnrealBuildTool|Win32
		{FAAC9852-1E26-4A30-A1FB-049228A645BE}.DebugGame Editor|Win64.Build.0 = BuiltWithUnrealBuildTool|Win32
		{FAAC9852-1E26-4A30-A1FB-049228A645BE}.DebugGame|HTML5.ActiveCfg = BuiltWithUnrealBuildTool|Win32
		{FAAC9852-1E26-4A30-A1FB-049228A645BE}.DebugGame|HTML5.Build.0 = BuiltWithUnrealBuildTool|Win32
		{FAAC9852-1E26-4A30-A1FB-049228A645BE}.DebugGame|Win32.ActiveCfg = BuiltWithUnrealBuildTool|Win32
		{FAAC9852-1E26-4A30-A1FB-049228A645BE}.DebugGame|Win32.Build.0 = BuiltWithUnrealBuildTool|Win32
		{FAAC9852-1E26-4A30-A1FB-049228A645BE}.DebugGame|Win64.ActiveCfg = BuiltWithUnrealBuildTool|Win32
		{FAAC9852-1E26-4A30-A1FB-049228A645BE}.DebugGame|Win64.Build.0 = BuiltWithUnrealBuildTool|Win32
		{FAAC9852-1E26-4A30-A1FB-049228A645BE}.Development Editor|HTML5.ActiveCfg = BuiltWithUnrealBuildTool|Win32
		{FAAC9852-1E26-4A30-A1FB-049228A645BE}.Development Editor|HTML5.Build.0 = BuiltWithUnrealBuildTool|Win32
		{FAAC9852-1E26-4A30-A1FB-049228A645BE}.Development Editor|Win32.ActiveCfg = BuiltWithUnrealBuildTool|Win32
		{FAAC9852-1E26-4A30-A1FB-049228A645BE}.Development Editor|Win32.Build.0 = BuiltWithUnrealBuildTool|Win32
		{FAAC9852-1E26-4A30-A1FB-049228A645BE}.Development Editor|Win64.ActiveCfg = BuiltWithUnrealBuildTool|Win32
		{FAAC9852-1E26-4A30-A1FB-049228A645BE}.Development Editor|Win64.Build.0 = BuiltWithUnrealBuildTool|Win32
		{FAAC9852-1E26-4A30-A1FB-049228A645BE}.Development|HTML5.ActiveCfg = BuiltWithUnrealBuildTool|Win32
		{FAAC9852-1E26-4A30-A1FB-049228A645BE}.Development|HTML5.Build.0 = BuiltWithUnrealBuildTool|Win32
		{FAAC9852-1E26-4A30-A1FB-049228A645BE}.Development|Win32.ActiveCfg = BuiltWithUnrealBuildTool|Win32
		{FAAC9852-1E26-4A30-A1FB-049228A645BE}.Development|Win32.Build.0 = BuiltWithUnrealBuildTool|Win32
		{FAAC9852-1E26-4A30-A1FB-049228A645BE}.Development|Win64.ActiveCfg = BuiltWithUnrealBuildTool|Win32
		{FAAC9852-1E26-4A30-A1FB-049228A645BE}.Development|Win64.Build.0 = BuiltWithUnrealBuildTool|Win32
		{FAAC9852-1E26-4A30-A1FB-049228A645BE}.Shipping|HTML5.ActiveCfg = BuiltWithUnrealBuildTool|Win32
		{FAAC9852-1E26-4A30-A1FB-049228A645BE}.Shipping|HTML5.Build.0 = BuiltWithUnrealBuildTool|Win32
		{FAAC9852-1E26-4A30-A1FB-049228A645BE}.Shipping|Win32.ActiveCfg = BuiltWithUnrealBuildTool|Win32
		{FAAC9852-1E26-4A30-A1FB-049228A645BE}.Shipping|Win32.Build.0 = BuiltWithUnrealBuildTool|Win32
		{FAAC9852-1E26-4A30-A1FB-049228A645BE}.Shipping|Win64.ActiveCfg = BuiltWithUnrealBuildTool|Win32
		{FAAC9852-1E26-4A30-A1FB-049228A645BE}.Shipping|Win64.Build.0 = BuiltWithUnrealBuildTool|Win32
		{DDBEE74B-52B4-43F6-93B8-5EFA3D2BBD7A}.DebugGame Editor|HTML5.ActiveCfg = HTML5_DebugGame_Editor|Win32
		{DDBEE74B-52B4-43F6-93B8-5EFA3D2BBD7A}.DebugGame Editor|Win32.ActiveCfg = DebugGame_Editor|Win32
		{DDBEE74B-52B4-43F6-93B8-5EFA3D2BBD7A}.DebugGame Editor|Win64.ActiveCfg = DebugGame_Editor|x64
		{DDBEE74B-52B4-43F6-93B8-5EFA3D2BBD7A}.DebugGame Editor|Win64.Build.0 = DebugGame_Editor|x64
		{DDBEE74B-52B4-43F6-93B8-5EFA3D2BBD7A}.DebugGame|HTML5.ActiveCfg = HTML5_DebugGame_Game|Win32
		{DDBEE74B-52B4-43F6-93B8-5EFA3D2BBD7A}.DebugGame|HTML5.Build.0 = HTML5_DebugGame_Game|Win32
		{DDBEE74B-52B4-43F6-93B8-5EFA3D2BBD7A}.DebugGame|Win32.ActiveCfg = DebugGame_Game|Win32
		{DDBEE74B-52B4-43F6-93B8-5EFA3D2BBD7A}.DebugGame|Win32.Build.0 = DebugGame_Game|Win32
		{DDBEE74B-52B4-43F6-93B8-5EFA3D2BBD7A}.DebugGame|Win64.ActiveCfg = DebugGame_Game|x64
		{DDBEE74B-52B4-43F6-93B8-5EFA3D2BBD7A}.DebugGame|Win64.Build.0 = DebugGame_Game|x64
		{DDBEE74B-52B4-43F6-93B8-5EFA3D2BBD7A}.Development Editor|HTML5.ActiveCfg = HTML5_Development_Editor|Win32
		{DDBEE74B-52B4-43F6-93B8-5EFA3D2BBD7A}.Development Editor|Win32.ActiveCfg = Development_Editor|Win32
		{DDBEE74B-52B4-43F6-93B8-5EFA3D2BBD7A}.Development Editor|Win64.ActiveCfg = Development_Editor|x64
		{DDBEE74B-52B4-43F6-93B8-5EFA3D2BBD7A}.Development Editor|Win64.Build.0 = Development_Editor|x64
		{DDBEE74B-52B4-43F6-93B8-5EFA3D2BBD7A}.Development|HTML5.ActiveCfg = HTML5_Development_Game|Win32
		{DDBEE74B-52B4-43F6-93B8-5EFA3D2BBD7A}.Development|HTML5.Build.0 = HTML5_Development_Game|Win32
		{DDBEE74B-52B4-43F6-93B8-5EFA3D2BBD7A}.Development|Win32.ActiveCfg = Development_Game|Win32
		{DDBEE74B-52B4-43F6-93B8-5EFA3D2BBD7A}.Development|Win32.Build.0 = Development_Game|Win32
		{DDBEE74B-52B4-43F6-93B8-5EFA3D2BBD7A}.Development|Win64.ActiveCfg = Development_Game|x64
		{DDBEE74B-52B4-43F6-93B8-5EFA3D2BBD7A}.Development|Win64.Build.0 = Development_Game|x64
		{DDBEE74B-52B4-43F6-93B8-5EFA3D2BBD7A}.Shipping|HTML5.ActiveCfg = HTML5_Shipping_Game|Win32
		{DDBEE74B-52B4-43F6-93B8-5EFA3D2BBD7A}.Shipping|HTML5.Build.0 = HTML5_Shipping_Game|Win32
		{DDBEE74B-52B4-43F6-93B8-5EFA3D2BBD7A}.Shipping|Win32.ActiveCfg = Shipping_Game|Win32
		{DDBEE74B-52B4-43F6-93B8-5EFA3D2BBD7A}.Shipping|Win32.Build.0 = Shipping_Game|Win32
		{DDBEE74B-52B4-43F6-93B8-5EFA3D2BBD7A}.Shipping|Win64.ActiveCfg = Shipping_Game|x64
		{DDBEE74B-52B4-43F6-93B8-5EFA3D2BBD7A}.Shipping|Win64.Build.0 = Shipping_Game|x64
	EndGlobalSection
	GlobalSection(SolutionProperties) = preSolution
		HideSolutionNode = FALSE
	EndGlobalSection
	GlobalSection(NestedProjects) = preSolution
		{FAAC9852-1E26-4A30-A1FB-049228A645BE} = {C1A5E861-CF42-433B-929E-24C1BA9BE39D}
		{DDBEE74B-52B4-43F6-93B8-5EFA3D2BBD7A} = {30715157-8522-4729-BE6E-70E93C850221}
	EndGlobalSection
	GlobalSection(ExtensibilityGlobals) = postSolution
		SolutionGuid = {25063054-AC41-4329-9B00-8AC5A499D242}
	EndGlobalSection
EndGlobal
